{
  "object": {
    "pins": [
      {
        "package": "PixelColor",
        "repositoryURL": "https://github.com/heestand-xyz/PixelColor",
        "state": {
          "branch": null,
          "revision": "674f6cfd6619e73888a61cc95261d046d682c3a4",
          "version": "1.2.3"
        }
      },
      {
        "package": "PixelKit",
        "repositoryURL": "https://github.com/heestand-xyz/PixelKit",
        "state": {
          "branch": null,
          "revision": "a1e610c1ae93f0fed753c0ec76c4ef48a70a3589",
          "version": "2.0.3"
        }
      },
      {
        "package": "RenderKit",
        "repositoryURL": "https://github.com/heestand-xyz/RenderKit",
        "state": {
          "branch": null,
          "revision": "e482aaf00752dc953c69d7fd63b8e809cdb78605",
          "version": "1.0.0"
        }
      },
      {
        "package": "Resolution",
        "repositoryURL": "https://github.com/heestand-xyz/Resolution",
        "state": {
          "branch": null,
          "revision": "587be77040ec27fd0eb903ae189cd3b89518eea4",
          "version": "1.0.2"
        }
      }
    ]
  },
  "version": 1
}
